{
    "_readme": [
        "This file locks the dependencies of your project to a known state",
        "Read more about it at https://getcomposer.org/doc/01-basic-usage.md#installing-dependencies",
        "This file is @generated automatically"
    ],
    "content-hash": "0d29b38d2fad0a7f473c6e06943b3174",
    "packages": [
        {
            "name": "topthink/think-template",
            "version": "v2.0.1",
            "source": {
                "type": "git",
                "url": "https://github.com/top-think/think-template.git",
                "reference": "aee66382c62610b11f0694df8b2aef1ba32f064d"
            },
            "dist": {
                "type": "zip",
                "url": "https://api.github.com/repos/top-think/think-template/zipball/aee66382c62610b11f0694df8b2aef1ba32f064d",
                "reference": "aee66382c62610b11f0694df8b2aef1ba32f064d",
                "shasum": "",
                "mirrors": [
                    {
                        "url": "https://dl.laravel-china.org/%package%/%reference%.%type%",
                        "preferred": true
                    }
                ]
            },
            "require": {
                "php": ">=7.1.0"
            },
            "type": "library",
            "autoload": {
                "psr-4": {
                    "think\\": "src"
                }
            },
            "notification-url": "https://packagist.org/downloads/",
            "license": [
                "Apache-2.0"
            ],
            "authors": [
                {
                    "name": "liu21st",
                    "email": "liu21st@gmail.com"
                }
            ],
            "description": "the php template engine",
            "time": "2019-02-20T06:02:13+00:00"
        }
    ],
    "packages-dev": [],
    "aliases": [],
    "minimum-stability": "stable",
    "stability-flags": [],
    "prefer-stable": false,
    "prefer-lowest": false,
    "platform": [],
    "platform-dev": []
}
